
Microsoft Visual Studio Solution File, Format Version 12.00
# Visual Studio Version 17
VisualStudioVersion = 17.4.33205.214
MinimumVisualStudioVersion = 10.0.40219.1
Project("{9A19103F-16F7-4668-BE54-9A1E7A4F7556}") = "CV", "CV.csproj", "{048A1DD4-D463-47A5-966E-6A9B3A259897}"
EndProject
Global
	GlobalSection(SolutionConfigurationPlatforms) = preSolution
		Debug|Any CPU = Debug|Any CPU
		Release|Any CPU = Release|Any CPU
	EndGlobalSection
	GlobalSection(ProjectConfigurationPlatforms) = postSolution
		{048A1DD4-D463-47A5-966E-6A9B3A259897}.Debug|Any CPU.ActiveCfg = Debug|Any CPU
		{048A1DD4-D463-47A5-966E-6A9B3A259897}.Debug|Any CPU.Build.0 = Debug|Any CPU
		{048A1DD4-D463-47A5-966E-6A9B3A259897}.Release|Any CPU.ActiveCfg = Release|Any CPU
		{048A1DD4-D463-47A5-966E-6A9B3A259897}.Release|Any CPU.Build.0 = Release|Any CPU
	EndGlobalSection
	GlobalSection(SolutionProperties) = preSolution
		HideSolutionNode = FALSE
	EndGlobalSection
	GlobalSection(ExtensibilityGlobals) = postSolution
		SolutionGuid = {F1602559-AE7D-4984-BCED-6272BF9C0057}
	EndGlobalSection
EndGlobal
